
Microsoft Visual Studio Solution File, Format Version 12.00
# Visual Studio 15
Project("{FAE04EC0-301F-11D3-BF4B-00C04F79EFBC}") = "Entities", "Entities\Entities.csproj", "{C0175A20-E106-4E93-895E-0677F2EF9C6C}"
EndProject
Project("{FAE04EC0-301F-11D3-BF4B-00C04F79EFBC}") = "Business", "Business\Business.csproj", "{5308409E-5C52-409C-9BD8-61C8EAE5A74F}"
EndProject
Project("{FAE04EC0-301F-11D3-BF4B-00C04F79EFBC}") = "Register", "Register\Register.csproj", "{827445DF-4108-4DBE-B360-9E84D905F0E3}"
EndProject
Project("{FAE04EC0-301F-11D3-BF4B-00C04F79EFBC}") = "Common", "Common\Common.csproj", "{A67084C5-89F5-4BCE-9284-A920F7ED53FE}"
EndProject
Project("{FAE04EC0-301F-11D3-BF4B-00C04F79EFBC}") = "WxHub", "WxHub\WxHub.csproj", "{B9ED921F-6630-42A6-AB68-935F6E2EB8FD}"
EndProject
Global
	GlobalSection(SolutionConfigurationPlatforms) = preSolution
		Debug|Any CPU = Debug|Any CPU
		Release|Any CPU = Release|Any CPU
	EndGlobalSection
	GlobalSection(ProjectConfigurationPlatforms) = postSolution
		{C0175A20-E106-4E93-895E-0677F2EF9C6C}.Debug|Any CPU.ActiveCfg = Debug|Any CPU
		{C0175A20-E106-4E93-895E-0677F2EF9C6C}.Debug|Any CPU.Build.0 = Debug|Any CPU
		{C0175A20-E106-4E93-895E-0677F2EF9C6C}.Release|Any CPU.ActiveCfg = Release|Any CPU
		{C0175A20-E106-4E93-895E-0677F2EF9C6C}.Release|Any CPU.Build.0 = Release|Any CPU
		{5308409E-5C52-409C-9BD8-61C8EAE5A74F}.Debug|Any CPU.ActiveCfg = Debug|Any CPU
		{5308409E-5C52-409C-9BD8-61C8EAE5A74F}.Debug|Any CPU.Build.0 = Debug|Any CPU
		{5308409E-5C52-409C-9BD8-61C8EAE5A74F}.Release|Any CPU.ActiveCfg = Release|Any CPU
		{5308409E-5C52-409C-9BD8-61C8EAE5A74F}.Release|Any CPU.Build.0 = Release|Any CPU
		{827445DF-4108-4DBE-B360-9E84D905F0E3}.Debug|Any CPU.ActiveCfg = Debug|Any CPU
		{827445DF-4108-4DBE-B360-9E84D905F0E3}.Debug|Any CPU.Build.0 = Debug|Any CPU
		{827445DF-4108-4DBE-B360-9E84D905F0E3}.Release|Any CPU.ActiveCfg = Release|Any CPU
		{827445DF-4108-4DBE-B360-9E84D905F0E3}.Release|Any CPU.Build.0 = Release|Any CPU
		{A67084C5-89F5-4BCE-9284-A920F7ED53FE}.Debug|Any CPU.ActiveCfg = Debug|Any CPU
		{A67084C5-89F5-4BCE-9284-A920F7ED53FE}.Debug|Any CPU.Build.0 = Debug|Any CPU
		{A67084C5-89F5-4BCE-9284-A920F7ED53FE}.Release|Any CPU.ActiveCfg = Release|Any CPU
		{A67084C5-89F5-4BCE-9284-A920F7ED53FE}.Release|Any CPU.Build.0 = Release|Any CPU
		{B9ED921F-6630-42A6-AB68-935F6E2EB8FD}.Debug|Any CPU.ActiveCfg = Debug|Any CPU
		{B9ED921F-6630-42A6-AB68-935F6E2EB8FD}.Debug|Any CPU.Build.0 = Debug|Any CPU
		{B9ED921F-6630-42A6-AB68-935F6E2EB8FD}.Release|Any CPU.ActiveCfg = Release|Any CPU
		{B9ED921F-6630-42A6-AB68-935F6E2EB8FD}.Release|Any CPU.Build.0 = Release|Any CPU
	EndGlobalSection
EndGlobal
